
Microsoft Visual Studio Solution File, Format Version 12.00
# Visual Studio Version 17
VisualStudioVersion = 17.3.32922.545
MinimumVisualStudioVersion = 10.0.40219.1
Project("{8BC9CEB8-8B4A-11D0-8D11-00A0C91BC942}") = "課題１_双方向リスト", "課題１_双方向リスト\課題１_双方向リスト.vcxproj", "{5FDFB2F2-0789-49AC-9C15-C878649821F1}"
EndProject
Project("{8BC9CEB8-8B4A-11D0-8D11-00A0C91BC942}") = "TestForList", "TestForList\TestForList.vcxproj", "{DA7B5A7A-5AF5-4F72-90B0-E5C2F64018F9}"
EndProject
Global
	GlobalSection(SolutionConfigurationPlatforms) = preSolution
		Debug|x64 = Debug|x64
		Debug|x86 = Debug|x86
		Release|x64 = Release|x64
		Release|x86 = Release|x86
	EndGlobalSection
	GlobalSection(ProjectConfigurationPlatforms) = postSolution
		{5FDFB2F2-0789-49AC-9C15-C878649821F1}.Debug|x64.ActiveCfg = Debug|x64
		{5FDFB2F2-0789-49AC-9C15-C878649821F1}.Debug|x64.Build.0 = Debug|x64
		{5FDFB2F2-0789-49AC-9C15-C878649821F1}.Debug|x86.ActiveCfg = Debug|Win32
		{5FDFB2F2-0789-49AC-9C15-C878649821F1}.Debug|x86.Build.0 = Debug|Win32
		{5FDFB2F2-0789-49AC-9C15-C878649821F1}.Release|x64.ActiveCfg = Release|x64
		{5FDFB2F2-0789-49AC-9C15-C878649821F1}.Release|x64.Build.0 = Release|x64
		{5FDFB2F2-0789-49AC-9C15-C878649821F1}.Release|x86.ActiveCfg = Release|Win32
		{5FDFB2F2-0789-49AC-9C15-C878649821F1}.Release|x86.Build.0 = Release|Win32
		{DA7B5A7A-5AF5-4F72-90B0-E5C2F64018F9}.Debug|x64.ActiveCfg = Debug|x64
		{DA7B5A7A-5AF5-4F72-90B0-E5C2F64018F9}.Debug|x64.Build.0 = Debug|x64
		{DA7B5A7A-5AF5-4F72-90B0-E5C2F64018F9}.Debug|x86.ActiveCfg = Debug|Win32
		{DA7B5A7A-5AF5-4F72-90B0-E5C2F64018F9}.Debug|x86.Build.0 = Debug|Win32
		{DA7B5A7A-5AF5-4F72-90B0-E5C2F64018F9}.Release|x64.ActiveCfg = Release|x64
		{DA7B5A7A-5AF5-4F72-90B0-E5C2F64018F9}.Release|x64.Build.0 = Release|x64
		{DA7B5A7A-5AF5-4F72-90B0-E5C2F64018F9}.Release|x86.ActiveCfg = Release|Win32
		{DA7B5A7A-5AF5-4F72-90B0-E5C2F64018F9}.Release|x86.Build.0 = Release|Win32
	EndGlobalSection
	GlobalSection(SolutionProperties) = preSolution
		HideSolutionNode = FALSE
	EndGlobalSection
	GlobalSection(ExtensibilityGlobals) = postSolution
		SolutionGuid = {C5A152B5-B58A-4512-85BF-E020A5A470F5}
	EndGlobalSection
EndGlobal
